// !$*UTF8*$!
{
	archiveVersion = 1;
	classes = {
	};
	objectVersion = 46;
	objects = {

/* Begin PBXBuildFile section */
		04041C4C1BEC7678009C49E6 /* main.m in Sources */ = {isa = PBXBuildFile; fileRef = 04041C4B1BEC7678009C49E6 /* main.m */; };
		04041C4F1BEC7678009C49E6 /* AppDelegate.m in Sources */ = {isa = PBXBuildFile; fileRef = 04041C4E1BEC7678009C49E6 /* AppDelegate.m */; };
		04041C521BEC7678009C49E6 /* ViewController.m in Sources */ = {isa = PBXBuildFile; fileRef = 04041C511BEC7678009C49E6 /* ViewController.m */; };
		04041C551BEC7678009C49E6 /* Main.storyboard in Resources */ = {isa = PBXBuildFile; fileRef = 04041C531BEC7678009C49E6 /* Main.storyboard */; };
		04041C571BEC7678009C49E6 /* Images.xcassets in Resources */ = {isa = PBXBuildFile; fileRef = 04041C561BEC7678009C49E6 /* Images.xcassets */; };
		04041C5A1BEC7678009C49E6 /* LaunchScreen.xib in Resources */ = {isa = PBXBuildFile; fileRef = 04041C581BEC7678009C49E6 /* LaunchScreen.xib */; };
		04041C661BEC7678009C49E6 /* IvoclarLabTests.m in Sources */ = {isa = PBXBuildFile; fileRef = 04041C651BEC7678009C49E6 /* IvoclarLabTests.m */; };
		04041C711BEC791A009C49E6 /* SideMenuListViewController.m in Sources */ = {isa = PBXBuildFile; fileRef = 04041C701BEC791A009C49E6 /* SideMenuListViewController.m */; };
		04041C741BEC7958009C49E6 /* MainViewController.m in Sources */ = {isa = PBXBuildFile; fileRef = 04041C731BEC7958009C49E6 /* MainViewController.m */; };
		04041C771BEC7A02009C49E6 /* SWRevealViewController.m in Sources */ = {isa = PBXBuildFile; fileRef = 04041C761BEC7A02009C49E6 /* SWRevealViewController.m */; };
		04041C7A1BEC8A53009C49E6 /* CaseEntryViewController.m in Sources */ = {isa = PBXBuildFile; fileRef = 04041C791BEC8A53009C49E6 /* CaseEntryViewController.m */; };
		04041C7F1BECB873009C49E6 /* FeedbackViewController.m in Sources */ = {isa = PBXBuildFile; fileRef = 04041C7E1BECB873009C49E6 /* FeedbackViewController.m */; };
		04372DE81C01215800AD71FE /* CaseDelivery.m in Sources */ = {isa = PBXBuildFile; fileRef = 04372DE71C01215800AD71FE /* CaseDelivery.m */; };
		04723EE51BEDE8B00054D36F /* DoctorLogin.m in Sources */ = {isa = PBXBuildFile; fileRef = 04723EE41BEDE8B00054D36F /* DoctorLogin.m */; };
		04B31C4D1C026C0D001967D4 /* CommonAppManager.m in Sources */ = {isa = PBXBuildFile; fileRef = 04B31C4C1C026C0D001967D4 /* CommonAppManager.m */; };
		04C929481BFECA3700C8ADE4 /* PagingControl.m in Sources */ = {isa = PBXBuildFile; fileRef = 04C929471BFECA3700C8ADE4 /* PagingControl.m */; };
		04D47EBC1BF07A7B0018B5C3 /* DoctorAlreadyRegistered.m in Sources */ = {isa = PBXBuildFile; fileRef = 04D47EBB1BF07A7B0018B5C3 /* DoctorAlreadyRegistered.m */; };
		04D47EBF1BF0C7140018B5C3 /* NewUserOTPScreen.m in Sources */ = {isa = PBXBuildFile; fileRef = 04D47EBE1BF0C7130018B5C3 /* NewUserOTPScreen.m */; };
		04D47EC21BF0DB280018B5C3 /* PasswordGenarationScreen.m in Sources */ = {isa = PBXBuildFile; fileRef = 04D47EC11BF0DB280018B5C3 /* PasswordGenarationScreen.m */; };
		04D47EC51BF0E42F0018B5C3 /* ProfileScreen.m in Sources */ = {isa = PBXBuildFile; fileRef = 04D47EC41BF0E42F0018B5C3 /* ProfileScreen.m */; };
		04D5E43D1C03A67A0048BD18 /* LoginPage.m in Sources */ = {isa = PBXBuildFile; fileRef = 04D5E43C1C03A67A0048BD18 /* LoginPage.m */; };
		04D5E4401C03A68D0048BD18 /* LabPersonLogin.m in Sources */ = {isa = PBXBuildFile; fileRef = 04D5E43F1C03A68D0048BD18 /* LabPersonLogin.m */; };
		04D5E4461C03C40E0048BD18 /* sideMenu.png in Resources */ = {isa = PBXBuildFile; fileRef = 04D5E4451C03C40E0048BD18 /* sideMenu.png */; };
		04D5E4471C03DC5A0048BD18 /* DoctorLogin.m in Sources */ = {isa = PBXBuildFile; fileRef = 04723EE41BEDE8B00054D36F /* DoctorLogin.m */; };
		04D5E4491C03EC880048BD18 /* dropdown.png in Resources */ = {isa = PBXBuildFile; fileRef = 04D5E4481C03EC880048BD18 /* dropdown.png */; };
		04D8A5AF1BFFB3EB0025CA52 /* GUITabPagerViewController.m in Sources */ = {isa = PBXBuildFile; fileRef = 04D8A5AE1BFFB3EB0025CA52 /* GUITabPagerViewController.m */; };
		04D8A5B21BFFB40D0025CA52 /* GUITabScrollView.m in Sources */ = {isa = PBXBuildFile; fileRef = 04D8A5B11BFFB40D0025CA52 /* GUITabScrollView.m */; };
		04DCFF5B1BFBBABA00BD03E9 /* CaseHistoryCustomCell.m in Sources */ = {isa = PBXBuildFile; fileRef = 04DCFF591BFBBABA00BD03E9 /* CaseHistoryCustomCell.m */; };
		04DCFF5C1BFBBABA00BD03E9 /* CaseHistoryCustomCell.xib in Resources */ = {isa = PBXBuildFile; fileRef = 04DCFF5A1BFBBABA00BD03E9 /* CaseHistoryCustomCell.xib */; };
		04DF4CD31BFA73AF0041D185 /* PartnersCustomCell.m in Sources */ = {isa = PBXBuildFile; fileRef = 04DF4CD11BFA73AF0041D185 /* PartnersCustomCell.m */; };
		04DF4CD41BFA73AF0041D185 /* PartnersCustomCell.xib in Resources */ = {isa = PBXBuildFile; fileRef = 04DF4CD21BFA73AF0041D185 /* PartnersCustomCell.xib */; };
		04DF4CD71BFAD6330041D185 /* CaseHistory.m in Sources */ = {isa = PBXBuildFile; fileRef = 04DF4CD61BFAD6330041D185 /* CaseHistory.m */; };
		04ECDD3E1C055DB20055FF54 /* LabCaseStatus.m in Sources */ = {isa = PBXBuildFile; fileRef = 04ECDD3D1C055DB20055FF54 /* LabCaseStatus.m */; };
		04ED20761BEDD6F10039A139 /* emax_logo.gif in Resources */ = {isa = PBXBuildFile; fileRef = 04ED20751BEDD6F10039A139 /* emax_logo.gif */; };
		04F977F91BFFF08F009B038F /* UpdateMobileScreen.m in Sources */ = {isa = PBXBuildFile; fileRef = 04F977F81BFFF08F009B038F /* UpdateMobileScreen.m */; };
		04F977FC1C0001BB009B038F /* ComplaintsScreen.m in Sources */ = {isa = PBXBuildFile; fileRef = 04F977FB1C0001BB009B038F /* ComplaintsScreen.m */; };
		04F977FF1C000519009B038F /* checked_checkbox.png in Resources */ = {isa = PBXBuildFile; fileRef = 04F977FD1C000519009B038F /* checked_checkbox.png */; };
		04F978001C000519009B038F /* tickMarkCheckBox.png in Resources */ = {isa = PBXBuildFile; fileRef = 04F977FE1C000519009B038F /* tickMarkCheckBox.png */; };
		04F978021C0005DF009B038F /* unchecked_checkbox.png in Resources */ = {isa = PBXBuildFile; fileRef = 04F978011C0005DF009B038F /* unchecked_checkbox.png */; };
/* End PBXBuildFile section */

/* Begin PBXContainerItemProxy section */
		04041C601BEC7678009C49E6 /* PBXContainerItemProxy */ = {
			isa = PBXContainerItemProxy;
			containerPortal = 04041C3E1BEC7677009C49E6 /* Project object */;
			proxyType = 1;
			remoteGlobalIDString = 04041C451BEC7678009C49E6;
			remoteInfo = IvoclarLab;
		};
/* End PBXContainerItemProxy section */

/* Begin PBXFileReference section */
		04041C461BEC7678009C49E6 /* IvoclarLab.app */ = {isa = PBXFileReference; explicitFileType = wrapper.application; includeInIndex = 0; path = IvoclarLab.app; sourceTree = BUILT_PRODUCTS_DIR; };
		04041C4A1BEC7678009C49E6 /* Info.plist */ = {isa = PBXFileReference; lastKnownFileType = text.plist.xml; path = Info.plist; sourceTree = "<group>"; };
		04041C4B1BEC7678009C49E6 /* main.m */ = {isa = PBXFileReference; lastKnownFileType = sourcecode.c.objc; path = main.m; sourceTree = "<group>"; };
		04041C4D1BEC7678009C49E6 /* AppDelegate.h */ = {isa = PBXFileReference; lastKnownFileType = sourcecode.c.h; path = AppDelegate.h; sourceTree = "<group>"; };
		04041C4E1BEC7678009C49E6 /* AppDelegate.m */ = {isa = PBXFileReference; lastKnownFileType = sourcecode.c.objc; path = AppDelegate.m; sourceTree = "<group>"; };
		04041C501BEC7678009C49E6 /* ViewController.h */ = {isa = PBXFileReference; lastKnownFileType = sourcecode.c.h; path = ViewController.h; sourceTree = "<group>"; };
		04041C511BEC7678009C49E6 /* ViewController.m */ = {isa = PBXFileReference; lastKnownFileType = sourcecode.c.objc; path = ViewController.m; sourceTree = "<group>"; };
		04041C541BEC7678009C49E6 /* Base */ = {isa = PBXFileReference; lastKnownFileType = file.storyboard; name = Base; path = Base.lproj/Main.storyboard; sourceTree = "<group>"; };
		04041C561BEC7678009C49E6 /* Images.xcassets */ = {isa = PBXFileReference; lastKnownFileType = folder.assetcatalog; path = Images.xcassets; sourceTree = "<group>"; };
		04041C591BEC7678009C49E6 /* Base */ = {isa = PBXFileReference; lastKnownFileType = file.xib; name = Base; path = Base.lproj/LaunchScreen.xib; sourceTree = "<group>"; };
		04041C5F1BEC7678009C49E6 /* IvoclarLabTests.xctest */ = {isa = PBXFileReference; explicitFileType = wrapper.cfbundle; includeInIndex = 0; path = IvoclarLabTests.xctest; sourceTree = BUILT_PRODUCTS_DIR; };
		04041C641BEC7678009C49E6 /* Info.plist */ = {isa = PBXFileReference; lastKnownFileType = text.plist.xml; path = Info.plist; sourceTree = "<group>"; };
		04041C651BEC7678009C49E6 /* IvoclarLabTests.m */ = {isa = PBXFileReference; lastKnownFileType = sourcecode.c.objc; path = IvoclarLabTests.m; sourceTree = "<group>"; };
		04041C6F1BEC7919009C49E6 /* SideMenuListViewController.h */ = {isa = PBXFileReference; fileEncoding = 4; lastKnownFileType = sourcecode.c.h; path = SideMenuListViewController.h; sourceTree = "<group>"; };
		04041C701BEC791A009C49E6 /* SideMenuListViewController.m */ = {isa = PBXFileReference; fileEncoding = 4; lastKnownFileType = sourcecode.c.objc; path = SideMenuListViewController.m; sourceTree = "<group>"; };
		04041C721BEC7958009C49E6 /* MainViewController.h */ = {isa = PBXFileReference; fileEncoding = 4; lastKnownFileType = sourcecode.c.h; path = MainViewController.h; sourceTree = "<group>"; };
		04041C731BEC7958009C49E6 /* MainViewController.m */ = {isa = PBXFileReference; fileEncoding = 4; lastKnownFileType = sourcecode.c.objc; path = MainViewController.m; sourceTree = "<group>"; };
		04041C751BEC7A02009C49E6 /* SWRevealViewController.h */ = {isa = PBXFileReference; fileEncoding = 4; lastKnownFileType = sourcecode.c.h; path = SWRevealViewController.h; sourceTree = "<group>"; };
		04041C761BEC7A02009C49E6 /* SWRevealViewController.m */ = {isa = PBXFileReference; fileEncoding = 4; lastKnownFileType = sourcecode.c.objc; path = SWRevealViewController.m; sourceTree = "<group>"; };
		04041C781BEC8A53009C49E6 /* CaseEntryViewController.h */ = {isa = PBXFileReference; fileEncoding = 4; lastKnownFileType = sourcecode.c.h; path = CaseEntryViewController.h; sourceTree = "<group>"; };
		04041C791BEC8A53009C49E6 /* CaseEntryViewController.m */ = {isa = PBXFileReference; fileEncoding = 4; lastKnownFileType = sourcecode.c.objc; path = CaseEntryViewController.m; sourceTree = "<group>"; };
		04041C7D1BECB873009C49E6 /* FeedbackViewController.h */ = {isa = PBXFileReference; fileEncoding = 4; lastKnownFileType = sourcecode.c.h; path = FeedbackViewController.h; sourceTree = "<group>"; };
		04041C7E1BECB873009C49E6 /* FeedbackViewController.m */ = {isa = PBXFileReference; fileEncoding = 4; lastKnownFileType = sourcecode.c.objc; path = FeedbackViewController.m; sourceTree = "<group>"; };
		04372DE61C01215800AD71FE /* CaseDelivery.h */ = {isa = PBXFileReference; fileEncoding = 4; lastKnownFileType = sourcecode.c.h; path = CaseDelivery.h; sourceTree = "<group>"; };
		04372DE71C01215800AD71FE /* CaseDelivery.m */ = {isa = PBXFileReference; fileEncoding = 4; lastKnownFileType = sourcecode.c.objc; path = CaseDelivery.m; sourceTree = "<group>"; };
		04723EE31BEDE8B00054D36F /* DoctorLogin.h */ = {isa = PBXFileReference; fileEncoding = 4; lastKnownFileType = sourcecode.c.h; path = DoctorLogin.h; sourceTree = "<group>"; };
		04723EE41BEDE8B00054D36F /* DoctorLogin.m */ = {isa = PBXFileReference; fileEncoding = 4; lastKnownFileType = sourcecode.c.objc; path = DoctorLogin.m; sourceTree = "<group>"; };
		04B31C4B1C026BFE001967D4 /* CommonAppManager.h */ = {isa = PBXFileReference; lastKnownFileType = sourcecode.c.h; path = CommonAppManager.h; sourceTree = "<group>"; };
		04B31C4C1C026C0D001967D4 /* CommonAppManager.m */ = {isa = PBXFileReference; fileEncoding = 4; lastKnownFileType = sourcecode.c.objc; path = CommonAppManager.m; sourceTree = "<group>"; };
		04C929461BFECA3700C8ADE4 /* PagingControl.h */ = {isa = PBXFileReference; fileEncoding = 4; lastKnownFileType = sourcecode.c.h; path = PagingControl.h; sourceTree = "<group>"; };
		04C929471BFECA3700C8ADE4 /* PagingControl.m */ = {isa = PBXFileReference; fileEncoding = 4; lastKnownFileType = sourcecode.c.objc; path = PagingControl.m; sourceTree = "<group>"; };
		04D47EBA1BF07A7B0018B5C3 /* DoctorAlreadyRegistered.h */ = {isa = PBXFileReference; fileEncoding = 4; lastKnownFileType = sourcecode.c.h; path = DoctorAlreadyRegistered.h; sourceTree = "<group>"; };
		04D47EBB1BF07A7B0018B5C3 /* DoctorAlreadyRegistered.m */ = {isa = PBXFileReference; fileEncoding = 4; lastKnownFileType = sourcecode.c.objc; path = DoctorAlreadyRegistered.m; sourceTree = "<group>"; };
		04D47EBD1BF0C7130018B5C3 /* NewUserOTPScreen.h */ = {isa = PBXFileReference; fileEncoding = 4; lastKnownFileType = sourcecode.c.h; path = NewUserOTPScreen.h; sourceTree = "<group>"; };
		04D47EBE1BF0C7130018B5C3 /* NewUserOTPScreen.m */ = {isa = PBXFileReference; fileEncoding = 4; lastKnownFileType = sourcecode.c.objc; path = NewUserOTPScreen.m; sourceTree = "<group>"; };
		04D47EC01BF0DB280018B5C3 /* PasswordGenarationScreen.h */ = {isa = PBXFileReference; fileEncoding = 4; lastKnownFileType = sourcecode.c.h; path = PasswordGenarationScreen.h; sourceTree = "<group>"; };
		04D47EC11BF0DB280018B5C3 /* PasswordGenarationScreen.m */ = {isa = PBXFileReference; fileEncoding = 4; lastKnownFileType = sourcecode.c.objc; path = PasswordGenarationScreen.m; sourceTree = "<group>"; };
		04D47EC31BF0E42F0018B5C3 /* ProfileScreen.h */ = {isa = PBXFileReference; fileEncoding = 4; lastKnownFileType = sourcecode.c.h; path = ProfileScreen.h; sourceTree = "<group>"; };
		04D47EC41BF0E42F0018B5C3 /* ProfileScreen.m */ = {isa = PBXFileReference; fileEncoding = 4; lastKnownFileType = sourcecode.c.objc; path = ProfileScreen.m; sourceTree = "<group>"; };
		04D5E43B1C03A67A0048BD18 /* LoginPage.h */ = {isa = PBXFileReference; fileEncoding = 4; lastKnownFileType = sourcecode.c.h; path = LoginPage.h; sourceTree = "<group>"; };
		04D5E43C1C03A67A0048BD18 /* LoginPage.m */ = {isa = PBXFileReference; fileEncoding = 4; lastKnownFileType = sourcecode.c.objc; path = LoginPage.m; sourceTree = "<group>"; };
		04D5E43E1C03A68D0048BD18 /* LabPersonLogin.h */ = {isa = PBXFileReference; fileEncoding = 4; lastKnownFileType = sourcecode.c.h; path = LabPersonLogin.h; sourceTree = "<group>"; };
		04D5E43F1C03A68D0048BD18 /* LabPersonLogin.m */ = {isa = PBXFileReference; fileEncoding = 4; lastKnownFileType = sourcecode.c.objc; path = LabPersonLogin.m; sourceTree = "<group>"; };
		04D5E4451C03C40E0048BD18 /* sideMenu.png */ = {isa = PBXFileReference; lastKnownFileType = image.png; path = sideMenu.png; sourceTree = "<group>"; };
		04D5E4481C03EC880048BD18 /* dropdown.png */ = {isa = PBXFileReference; lastKnownFileType = image.png; path = dropdown.png; sourceTree = "<group>"; };
		04D8A5AD1BFFB3EB0025CA52 /* GUITabPagerViewController.h */ = {isa = PBXFileReference; fileEncoding = 4; lastKnownFileType = sourcecode.c.h; path = GUITabPagerViewController.h; sourceTree = "<group>"; };
		04D8A5AE1BFFB3EB0025CA52 /* GUITabPagerViewController.m */ = {isa = PBXFileReference; fileEncoding = 4; lastKnownFileType = sourcecode.c.objc; path = GUITabPagerViewController.m; sourceTree = "<group>"; };
		04D8A5B01BFFB40D0025CA52 /* GUITabScrollView.h */ = {isa = PBXFileReference; fileEncoding = 4; lastKnownFileType = sourcecode.c.h; path = GUITabScrollView.h; sourceTree = "<group>"; };
		04D8A5B11BFFB40D0025CA52 /* GUITabScrollView.m */ = {isa = PBXFileReference; fileEncoding = 4; lastKnownFileType = sourcecode.c.objc; path = GUITabScrollView.m; sourceTree = "<group>"; };
		04DCFF581BFBBABA00BD03E9 /* CaseHistoryCustomCell.h */ = {isa = PBXFileReference; fileEncoding = 4; lastKnownFileType = sourcecode.c.h; path = CaseHistoryCustomCell.h; sourceTree = "<group>"; };
		04DCFF591BFBBABA00BD03E9 /* CaseHistoryCustomCell.m */ = {isa = PBXFileReference; fileEncoding = 4; lastKnownFileType = sourcecode.c.objc; path = CaseHistoryCustomCell.m; sourceTree = "<group>"; };
		04DCFF5A1BFBBABA00BD03E9 /* CaseHistoryCustomCell.xib */ = {isa = PBXFileReference; fileEncoding = 4; lastKnownFileType = file.xib; path = CaseHistoryCustomCell.xib; sourceTree = "<group>"; };
		04DF4CD01BFA73AF0041D185 /* PartnersCustomCell.h */ = {isa = PBXFileReference; fileEncoding = 4; lastKnownFileType = sourcecode.c.h; path = PartnersCustomCell.h; sourceTree = "<group>"; };
		04DF4CD11BFA73AF0041D185 /* PartnersCustomCell.m */ = {isa = PBXFileReference; fileEncoding = 4; lastKnownFileType = sourcecode.c.objc; path = PartnersCustomCell.m; sourceTree = "<group>"; };
		04DF4CD21BFA73AF0041D185 /* PartnersCustomCell.xib */ = {isa = PBXFileReference; fileEncoding = 4; lastKnownFileType = file.xib; path = PartnersCustomCell.xib; sourceTree = "<group>"; };
		04DF4CD51BFAD6330041D185 /* CaseHistory.h */ = {isa = PBXFileReference; fileEncoding = 4; lastKnownFileType = sourcecode.c.h; path = CaseHistory.h; sourceTree = "<group>"; };
		04DF4CD61BFAD6330041D185 /* CaseHistory.m */ = {isa = PBXFileReference; fileEncoding = 4; lastKnownFileType = sourcecode.c.objc; path = CaseHistory.m; sourceTree = "<group>"; };
		04ECDD3C1C055DB20055FF54 /* LabCaseStatus.h */ = {isa = PBXFileReference; fileEncoding = 4; lastKnownFileType = sourcecode.c.h; path = LabCaseStatus.h; sourceTree = "<group>"; };
		04ECDD3D1C055DB20055FF54 /* LabCaseStatus.m */ = {isa = PBXFileReference; fileEncoding = 4; lastKnownFileType = sourcecode.c.objc; path = LabCaseStatus.m; sourceTree = "<group>"; };
		04ED20751BEDD6F10039A139 /* emax_logo.gif */ = {isa = PBXFileReference; lastKnownFileType = image.gif; path = emax_logo.gif; sourceTree = "<group>"; };
		04F977F71BFFF08F009B038F /* UpdateMobileScreen.h */ = {isa = PBXFileReference; fileEncoding = 4; lastKnownFileType = sourcecode.c.h; path = UpdateMobileScreen.h; sourceTree = "<group>"; };
		04F977F81BFFF08F009B038F /* UpdateMobileScreen.m */ = {isa = PBXFileReference; fileEncoding = 4; lastKnownFileType = sourcecode.c.objc; path = UpdateMobileScreen.m; sourceTree = "<group>"; };
		04F977FA1C0001BB009B038F /* ComplaintsScreen.h */ = {isa = PBXFileReference; fileEncoding = 4; lastKnownFileType = sourcecode.c.h; path = ComplaintsScreen.h; sourceTree = "<group>"; };
		04F977FB1C0001BB009B038F /* ComplaintsScreen.m */ = {isa = PBXFileReference; fileEncoding = 4; lastKnownFileType = sourcecode.c.objc; path = ComplaintsScreen.m; sourceTree = "<group>"; };
		04F977FD1C000519009B038F /* checked_checkbox.png */ = {isa = PBXFileReference; lastKnownFileType = image.png; path = checked_checkbox.png; sourceTree = "<group>"; };
		04F977FE1C000519009B038F /* tickMarkCheckBox.png */ = {isa = PBXFileReference; lastKnownFileType = image.png; path = tickMarkCheckBox.png; sourceTree = "<group>"; };
		04F978011C0005DF009B038F /* unchecked_checkbox.png */ = {isa = PBXFileReference; lastKnownFileType = image.png; path = unchecked_checkbox.png; sourceTree = "<group>"; };
/* End PBXFileReference section */

/* Begin PBXFrameworksBuildPhase section */
		04041C431BEC7678009C49E6 /* Frameworks */ = {
			isa = PBXFrameworksBuildPhase;
			buildActionMask = 2147483647;
			files = (
			);
			runOnlyForDeploymentPostprocessing = 0;
		};
		04041C5C1BEC7678009C49E6 /* Frameworks */ = {
			isa = PBXFrameworksBuildPhase;
			buildActionMask = 2147483647;
			files = (
			);
			runOnlyForDeploymentPostprocessing = 0;
		};
/* End PBXFrameworksBuildPhase section */

/* Begin PBXGroup section */
		04041C3D1BEC7677009C49E6 = {
			isa = PBXGroup;
			children = (
				04041C481BEC7678009C49E6 /* IvoclarLab */,
				04041C621BEC7678009C49E6 /* IvoclarLabTests */,
				04041C471BEC7678009C49E6 /* Products */,
			);
			sourceTree = "<group>";
		};
		04041C471BEC7678009C49E6 /* Products */ = {
			isa = PBXGroup;
			children = (
				04041C461BEC7678009C49E6 /* IvoclarLab.app */,
				04041C5F1BEC7678009C49E6 /* IvoclarLabTests.xctest */,
			);
			name = Products;
			sourceTree = "<group>";
		};
		04041C481BEC7678009C49E6 /* IvoclarLab */ = {
			isa = PBXGroup;
			children = (
				04D5E4481C03EC880048BD18 /* dropdown.png */,
				04F977FD1C000519009B038F /* checked_checkbox.png */,
				04D5E4451C03C40E0048BD18 /* sideMenu.png */,
				04F977FE1C000519009B038F /* tickMarkCheckBox.png */,
				04F978011C0005DF009B038F /* unchecked_checkbox.png */,
				04ED20751BEDD6F10039A139 /* emax_logo.gif */,
				04B31C4B1C026BFE001967D4 /* CommonAppManager.h */,
				04B31C4C1C026C0D001967D4 /* CommonAppManager.m */,
				04041C4D1BEC7678009C49E6 /* AppDelegate.h */,
				04041C4E1BEC7678009C49E6 /* AppDelegate.m */,
				04041C501BEC7678009C49E6 /* ViewController.h */,
				04041C511BEC7678009C49E6 /* ViewController.m */,
				04D5E43B1C03A67A0048BD18 /* LoginPage.h */,
				04D5E43C1C03A67A0048BD18 /* LoginPage.m */,
				04D5E43E1C03A68D0048BD18 /* LabPersonLogin.h */,
				04D5E43F1C03A68D0048BD18 /* LabPersonLogin.m */,
				04ECDD3C1C055DB20055FF54 /* LabCaseStatus.h */,
				04ECDD3D1C055DB20055FF54 /* LabCaseStatus.m */,
				04723EE31BEDE8B00054D36F /* DoctorLogin.h */,
				04723EE41BEDE8B00054D36F /* DoctorLogin.m */,
				04D47EBA1BF07A7B0018B5C3 /* DoctorAlreadyRegistered.h */,
				04D47EBB1BF07A7B0018B5C3 /* DoctorAlreadyRegistered.m */,
				04D47EBD1BF0C7130018B5C3 /* NewUserOTPScreen.h */,
				04D47EBE1BF0C7130018B5C3 /* NewUserOTPScreen.m */,
				04D47EC01BF0DB280018B5C3 /* PasswordGenarationScreen.h */,
				04D47EC11BF0DB280018B5C3 /* PasswordGenarationScreen.m */,
				04D47EC31BF0E42F0018B5C3 /* ProfileScreen.h */,
				04D47EC41BF0E42F0018B5C3 /* ProfileScreen.m */,
				04041C6F1BEC7919009C49E6 /* SideMenuListViewController.h */,
				04041C701BEC791A009C49E6 /* SideMenuListViewController.m */,
				04041C721BEC7958009C49E6 /* MainViewController.h */,
				04041C731BEC7958009C49E6 /* MainViewController.m */,
				04041C751BEC7A02009C49E6 /* SWRevealViewController.h */,
				04041C761BEC7A02009C49E6 /* SWRevealViewController.m */,
				04041C781BEC8A53009C49E6 /* CaseEntryViewController.h */,
				04041C791BEC8A53009C49E6 /* CaseEntryViewController.m */,
				04D8A5AD1BFFB3EB0025CA52 /* GUITabPagerViewController.h */,
				04D8A5AE1BFFB3EB0025CA52 /* GUITabPagerViewController.m */,
				04D8A5B01BFFB40D0025CA52 /* GUITabScrollView.h */,
				04D8A5B11BFFB40D0025CA52 /* GUITabScrollView.m */,
				04C929461BFECA3700C8ADE4 /* PagingControl.h */,
				04C929471BFECA3700C8ADE4 /* PagingControl.m */,
				04DF4CD51BFAD6330041D185 /* CaseHistory.h */,
				04DF4CD61BFAD6330041D185 /* CaseHistory.m */,
				04DCFF581BFBBABA00BD03E9 /* CaseHistoryCustomCell.h */,
				04DCFF591BFBBABA00BD03E9 /* CaseHistoryCustomCell.m */,
				04DCFF5A1BFBBABA00BD03E9 /* CaseHistoryCustomCell.xib */,
				04DF4CD01BFA73AF0041D185 /* PartnersCustomCell.h */,
				04DF4CD11BFA73AF0041D185 /* PartnersCustomCell.m */,
				04DF4CD21BFA73AF0041D185 /* PartnersCustomCell.xib */,
				04041C7D1BECB873009C49E6 /* FeedbackViewController.h */,
				04041C7E1BECB873009C49E6 /* FeedbackViewController.m */,
				04F977F71BFFF08F009B038F /* UpdateMobileScreen.h */,
				04F977F81BFFF08F009B038F /* UpdateMobileScreen.m */,
				04F977FA1C0001BB009B038F /* ComplaintsScreen.h */,
				04F977FB1C0001BB009B038F /* ComplaintsScreen.m */,
				04372DE61C01215800AD71FE /* CaseDelivery.h */,
				04372DE71C01215800AD71FE /* CaseDelivery.m */,
				04041C531BEC7678009C49E6 /* Main.storyboard */,
				04041C561BEC7678009C49E6 /* Images.xcassets */,
				04041C581BEC7678009C49E6 /* LaunchScreen.xib */,
				04041C491BEC7678009C49E6 /* Supporting Files */,
			);
			path = IvoclarLab;
			sourceTree = "<group>";
		};
		04041C491BEC7678009C49E6 /* Supporting Files */ = {
			isa = PBXGroup;
			children = (
				04041C4A1BEC7678009C49E6 /* Info.plist */,
				04041C4B1BEC7678009C49E6 /* main.m */,
			);
			name = "Supporting Files";
			sourceTree = "<group>";
		};
		04041C621BEC7678009C49E6 /* IvoclarLabTests */ = {
			isa = PBXGroup;
			children = (
				04041C651BEC7678009C49E6 /* IvoclarLabTests.m */,
				04041C631BEC7678009C49E6 /* Supporting Files */,
			);
			path = IvoclarLabTests;
			sourceTree = "<group>";
		};
		04041C631BEC7678009C49E6 /* Supporting Files */ = {
			isa = PBXGroup;
			children = (
				04041C641BEC7678009C49E6 /* Info.plist */,
			);
			name = "Supporting Files";
			sourceTree = "<group>";
		};
/* End PBXGroup section */

/* Begin PBXNativeTarget section */
		04041C451BEC7678009C49E6 /* IvoclarLab */ = {
			isa = PBXNativeTarget;
			buildConfigurationList = 04041C691BEC7678009C49E6 /* Build configuration list for PBXNativeTarget "IvoclarLab" */;
			buildPhases = (
				04041C421BEC7678009C49E6 /* Sources */,
				04041C431BEC7678009C49E6 /* Frameworks */,
				04041C441BEC7678009C49E6 /* Resources */,
			);
			buildRules = (
			);
			dependencies = (
			);
			name = IvoclarLab;
			productName = IvoclarLab;
			productReference = 04041C461BEC7678009C49E6 /* IvoclarLab.app */;
			productType = "com.apple.product-type.application";
		};
		04041C5E1BEC7678009C49E6 /* IvoclarLabTests */ = {
			isa = PBXNativeTarget;
			buildConfigurationList = 04041C6C1BEC7678009C49E6 /* Build configuration list for PBXNativeTarget "IvoclarLabTests" */;
			buildPhases = (
				04041C5B1BEC7678009C49E6 /* Sources */,
				04041C5C1BEC7678009C49E6 /* Frameworks */,
				04041C5D1BEC7678009C49E6 /* Resources */,
			);
			buildRules = (
			);
			dependencies = (
				04041C611BEC7678009C49E6 /* PBXTargetDependency */,
			);
			name = IvoclarLabTests;
			productName = IvoclarLabTests;
			productReference = 04041C5F1BEC7678009C49E6 /* IvoclarLabTests.xctest */;
			productType = "com.apple.product-type.bundle.unit-test";
		};
/* End PBXNativeTarget section */

/* Begin PBXProject section */
		04041C3E1BEC7677009C49E6 /* Project object */ = {
			isa = PBXProject;
			attributes = {
				LastUpgradeCheck = 0610;
				ORGANIZATIONNAME = Subramanyam;
				TargetAttributes = {
					04041C451BEC7678009C49E6 = {
						CreatedOnToolsVersion = 6.1;
					};
					04041C5E1BEC7678009C49E6 = {
						CreatedOnToolsVersion = 6.1;
						TestTargetID = 04041C451BEC7678009C49E6;
					};
				};
			};
			buildConfigurationList = 04041C411BEC7677009C49E6 /* Build configuration list for PBXProject "IvoclarLab" */;
			compatibilityVersion = "Xcode 3.2";
			developmentRegion = English;
			hasScannedForEncodings = 0;
			knownRegions = (
				en,
				Base,
			);
			mainGroup = 04041C3D1BEC7677009C49E6;
			productRefGroup = 04041C471BEC7678009C49E6 /* Products */;
			projectDirPath = "";
			projectRoot = "";
			targets = (
				04041C451BEC7678009C49E6 /* IvoclarLab */,
				04041C5E1BEC7678009C49E6 /* IvoclarLabTests */,
			);
		};
/* End PBXProject section */

/* Begin PBXResourcesBuildPhase section */
		04041C441BEC7678009C49E6 /* Resources */ = {
			isa = PBXResourcesBuildPhase;
			buildActionMask = 2147483647;
			files = (
				04F977FF1C000519009B038F /* checked_checkbox.png in Resources */,
				04041C551BEC7678009C49E6 /* Main.storyboard in Resources */,
				04F978021C0005DF009B038F /* unchecked_checkbox.png in Resources */,
				04ED20761BEDD6F10039A139 /* emax_logo.gif in Resources */,
				04DCFF5C1BFBBABA00BD03E9 /* CaseHistoryCustomCell.xib in Resources */,
				04D5E4461C03C40E0048BD18 /* sideMenu.png in Resources */,
				04041C5A1BEC7678009C49E6 /* LaunchScreen.xib in Resources */,
				04D5E4491C03EC880048BD18 /* dropdown.png in Resources */,
				04041C571BEC7678009C49E6 /* Images.xcassets in Resources */,
				04F978001C000519009B038F /* tickMarkCheckBox.png in Resources */,
				04DF4CD41BFA73AF0041D185 /* PartnersCustomCell.xib in Resources */,
			);
			runOnlyForDeploymentPostprocessing = 0;
		};
		04041C5D1BEC7678009C49E6 /* Resources */ = {
			isa = PBXResourcesBuildPhase;
			buildActionMask = 2147483647;
			files = (
			);
			runOnlyForDeploymentPostprocessing = 0;
		};
/* End PBXResourcesBuildPhase section */

/* Begin PBXSourcesBuildPhase section */
		04041C421BEC7678009C49E6 /* Sources */ = {
			isa = PBXSourcesBuildPhase;
			buildActionMask = 2147483647;
			files = (
				04DF4CD71BFAD6330041D185 /* CaseHistory.m in Sources */,
				04372DE81C01215800AD71FE /* CaseDelivery.m in Sources */,
				04041C711BEC791A009C49E6 /* SideMenuListViewController.m in Sources */,
				04DF4CD31BFA73AF0041D185 /* PartnersCustomCell.m in Sources */,
				04723EE51BEDE8B00054D36F /* DoctorLogin.m in Sources */,
				04041C7A1BEC8A53009C49E6 /* CaseEntryViewController.m in Sources */,
				04F977FC1C0001BB009B038F /* ComplaintsScreen.m in Sources */,
				04ECDD3E1C055DB20055FF54 /* LabCaseStatus.m in Sources */,
				04C929481BFECA3700C8ADE4 /* PagingControl.m in Sources */,
				04D8A5AF1BFFB3EB0025CA52 /* GUITabPagerViewController.m in Sources */,
				04D47EBC1BF07A7B0018B5C3 /* DoctorAlreadyRegistered.m in Sources */,
				04D47EC51BF0E42F0018B5C3 /* ProfileScreen.m in Sources */,
				04D8A5B21BFFB40D0025CA52 /* GUITabScrollView.m in Sources */,
				04D5E43D1C03A67A0048BD18 /* LoginPage.m in Sources */,
				04B31C4D1C026C0D001967D4 /* CommonAppManager.m in Sources */,
				04D5E4401C03A68D0048BD18 /* LabPersonLogin.m in Sources */,
				04041C521BEC7678009C49E6 /* ViewController.m in Sources */,
				04D47EBF1BF0C7140018B5C3 /* NewUserOTPScreen.m in Sources */,
				04041C4F1BEC7678009C49E6 /* AppDelegate.m in Sources */,
				04041C741BEC7958009C49E6 /* MainViewController.m in Sources */,
				04DCFF5B1BFBBABA00BD03E9 /* CaseHistoryCustomCell.m in Sources */,
				04D47EC21BF0DB280018B5C3 /* PasswordGenarationScreen.m in Sources */,
				04041C4C1BEC7678009C49E6 /* main.m in Sources */,
				04041C771BEC7A02009C49E6 /* SWRevealViewController.m in Sources */,
				04F977F91BFFF08F009B038F /* UpdateMobileScreen.m in Sources */,
				04041C7F1BECB873009C49E6 /* FeedbackViewController.m in Sources */,
			);
			runOnlyForDeploymentPostprocessing = 0;
		};
		04041C5B1BEC7678009C49E6 /* Sources */ = {
			isa = PBXSourcesBuildPhase;
			buildActionMask = 2147483647;
			files = (
				04D5E4471C03DC5A0048BD18 /* DoctorLogin.m in Sources */,
				04041C661BEC7678009C49E6 /* IvoclarLabTests.m in Sources */,
			);
			runOnlyForDeploymentPostprocessing = 0;
		};
/* End PBXSourcesBuildPhase section */

/* Begin PBXTargetDependency section */
		04041C611BEC7678009C49E6 /* PBXTargetDependency */ = {
			isa = PBXTargetDependency;
			target = 04041C451BEC7678009C49E6 /* IvoclarLab */;
			targetProxy = 04041C601BEC7678009C49E6 /* PBXContainerItemProxy */;
		};
/* End PBXTargetDependency section */

/* Begin PBXVariantGroup section */
		04041C531BEC7678009C49E6 /* Main.storyboard */ = {
			isa = PBXVariantGroup;
			children = (
				04041C541BEC7678009C49E6 /* Base */,
			);
			name = Main.storyboard;
			sourceTree = "<group>";
		};
		04041C581BEC7678009C49E6 /* LaunchScreen.xib */ = {
			isa = PBXVariantGroup;
			children = (
				04041C591BEC7678009C49E6 /* Base */,
			);
			name = LaunchScreen.xib;
			sourceTree = "<group>";
		};
/* End PBXVariantGroup section */

/* Begin XCBuildConfiguration section */
		04041C671BEC7678009C49E6 /* Debug */ = {
			isa = XCBuildConfiguration;
			buildSettings = {
				ALWAYS_SEARCH_USER_PATHS = NO;
				CLANG_CXX_LANGUAGE_STANDARD = "gnu++0x";
				CLANG_CXX_LIBRARY = "libc++";
				CLANG_ENABLE_MODULES = YES;
				CLANG_ENABLE_OBJC_ARC = YES;
				CLANG_WARN_BOOL_CONVERSION = YES;
				CLANG_WARN_CONSTANT_CONVERSION = YES;
				CLANG_WARN_DIRECT_OBJC_ISA_USAGE = YES_ERROR;
				CLANG_WARN_EMPTY_BODY = YES;
				CLANG_WARN_ENUM_CONVERSION = YES;
				CLANG_WARN_INT_CONVERSION = YES;
				CLANG_WARN_OBJC_ROOT_CLASS = YES_ERROR;
				CLANG_WARN_UNREACHABLE_CODE = YES;
				CLANG_WARN__DUPLICATE_METHOD_MATCH = YES;
				"CODE_SIGN_IDENTITY[sdk=iphoneos*]" = "iPhone Developer";
				COPY_PHASE_STRIP = NO;
				ENABLE_STRICT_OBJC_MSGSEND = YES;
				GCC_C_LANGUAGE_STANDARD = gnu99;
				GCC_DYNAMIC_NO_PIC = NO;
				GCC_OPTIMIZATION_LEVEL = 0;
				GCC_PREPROCESSOR_DEFINITIONS = (
					"DEBUG=1",
					"$(inherited)",
				);
				GCC_SYMBOLS_PRIVATE_EXTERN = NO;
				GCC_WARN_64_TO_32_BIT_CONVERSION = YES;
				GCC_WARN_ABOUT_RETURN_TYPE = YES_ERROR;
				GCC_WARN_UNDECLARED_SELECTOR = YES;
				GCC_WARN_UNINITIALIZED_AUTOS = YES_AGGRESSIVE;
				GCC_WARN_UNUSED_FUNCTION = YES;
				GCC_WARN_UNUSED_VARIABLE = YES;
				IPHONEOS_DEPLOYMENT_TARGET = 8.1;
				MTL_ENABLE_DEBUG_INFO = YES;
				ONLY_ACTIVE_ARCH = YES;
				SDKROOT = iphoneos;
				TARGETED_DEVICE_FAMILY = "1,2";
			};
			name = Debug;
		};
		04041C681BEC7678009C49E6 /* Release */ = {
			isa = XCBuildConfiguration;
			buildSettings = {
				ALWAYS_SEARCH_USER_PATHS = NO;
				CLANG_CXX_LANGUAGE_STANDARD = "gnu++0x";
				CLANG_CXX_LIBRARY = "libc++";
				CLANG_ENABLE_MODULES = YES;
				CLANG_ENABLE_OBJC_ARC = YES;
				CLANG_WARN_BOOL_CONVERSION = YES;
				CLANG_WARN_CONSTANT_CONVERSION = YES;
				CLANG_WARN_DIRECT_OBJC_ISA_USAGE = YES_ERROR;
				CLANG_WARN_EMPTY_BODY = YES;
				CLANG_WARN_ENUM_CONVERSION = YES;
				CLANG_WARN_INT_CONVERSION = YES;
				CLANG_WARN_OBJC_ROOT_CLASS = YES_ERROR;
				CLANG_WARN_UNREACHABLE_CODE = YES;
				CLANG_WARN__DUPLICATE_METHOD_MATCH = YES;
				"CODE_SIGN_IDENTITY[sdk=iphoneos*]" = "iPhone Developer";
				COPY_PHASE_STRIP = YES;
				ENABLE_NS_ASSERTIONS = NO;
				ENABLE_STRICT_OBJC_MSGSEND = YES;
				GCC_C_LANGUAGE_STANDARD = gnu99;
				GCC_WARN_64_TO_32_BIT_CONVERSION = YES;
				GCC_WARN_ABOUT_RETURN_TYPE = YES_ERROR;
				GCC_WARN_UNDECLARED_SELECTOR = YES;
				GCC_WARN_UNINITIALIZED_AUTOS = YES_AGGRESSIVE;
				GCC_WARN_UNUSED_FUNCTION = YES;
				GCC_WARN_UNUSED_VARIABLE = YES;
				IPHONEOS_DEPLOYMENT_TARGET = 8.1;
				MTL_ENABLE_DEBUG_INFO = NO;
				SDKROOT = iphoneos;
				TARGETED_DEVICE_FAMILY = "1,2";
				VALIDATE_PRODUCT = YES;
			};
			name = Release;
		};
		04041C6A1BEC7678009C49E6 /* Debug */ = {
			isa = XCBuildConfiguration;
			buildSettings = {
				ASSETCATALOG_COMPILER_APPICON_NAME = AppIcon;
				INFOPLIST_FILE = IvoclarLab/Info.plist;
				LD_RUNPATH_SEARCH_PATHS = "$(inherited) @executable_path/Frameworks";
				PRODUCT_NAME = "$(TARGET_NAME)";
			};
			name = Debug;
		};
		04041C6B1BEC7678009C49E6 /* Release */ = {
			isa = XCBuildConfiguration;
			buildSettings = {
				ASSETCATALOG_COMPILER_APPICON_NAME = AppIcon;
				INFOPLIST_FILE = IvoclarLab/Info.plist;
				LD_RUNPATH_SEARCH_PATHS = "$(inherited) @executable_path/Frameworks";
				PRODUCT_NAME = "$(TARGET_NAME)";
			};
			name = Release;
		};
		04041C6D1BEC7678009C49E6 /* Debug */ = {
			isa = XCBuildConfiguration;
			buildSettings = {
				BUNDLE_LOADER = "$(TEST_HOST)";
				FRAMEWORK_SEARCH_PATHS = (
					"$(SDKROOT)/Developer/Library/Frameworks",
					"$(inherited)",
				);
				GCC_PREPROCESSOR_DEFINITIONS = (
					"DEBUG=1",
					"$(inherited)",
				);
				INFOPLIST_FILE = IvoclarLabTests/Info.plist;
				LD_RUNPATH_SEARCH_PATHS = "$(inherited) @executable_path/Frameworks @loader_path/Frameworks";
				PRODUCT_NAME = "$(TARGET_NAME)";
				TEST_HOST = "$(BUILT_PRODUCTS_DIR)/IvoclarLab.app/IvoclarLab";
			};
			name = Debug;
		};
		04041C6E1BEC7678009C49E6 /* Release */ = {
			isa = XCBuildConfiguration;
			buildSettings = {
				BUNDLE_LOADER = "$(TEST_HOST)";
				FRAMEWORK_SEARCH_PATHS = (
					"$(SDKROOT)/Developer/Library/Frameworks",
					"$(inherited)",
				);
				INFOPLIST_FILE = IvoclarLabTests/Info.plist;
				LD_RUNPATH_SEARCH_PATHS = "$(inherited) @executable_path/Frameworks @loader_path/Frameworks";
				PRODUCT_NAME = "$(TARGET_NAME)";
				TEST_HOST = "$(BUILT_PRODUCTS_DIR)/IvoclarLab.app/IvoclarLab";
			};
			name = Release;
		};
/* End XCBuildConfiguration section */

/* Begin XCConfigurationList section */
		04041C411BEC7677009C49E6 /* Build configuration list for PBXProject "IvoclarLab" */ = {
			isa = XCConfigurationList;
			buildConfigurations = (
				04041C671BEC7678009C49E6 /* Debug */,
				04041C681BEC7678009C49E6 /* Release */,
			);
			defaultConfigurationIsVisible = 0;
			defaultConfigurationName = Release;
		};
		04041C691BEC7678009C49E6 /* Build configuration list for PBXNativeTarget "IvoclarLab" */ = {
			isa = XCConfigurationList;
			buildConfigurations = (
				04041C6A1BEC7678009C49E6 /* Debug */,
				04041C6B1BEC7678009C49E6 /* Release */,
			);
			defaultConfigurationIsVisible = 0;
			defaultConfigurationName = Release;
		};
		04041C6C1BEC7678009C49E6 /* Build configuration list for PBXNativeTarget "IvoclarLabTests" */ = {
			isa = XCConfigurationList;
			buildConfigurations = (
				04041C6D1BEC7678009C49E6 /* Debug */,
				04041C6E1BEC7678009C49E6 /* Release */,
			);
			defaultConfigurationIsVisible = 0;
			defaultConfigurationName = Release;
		};
/* End XCConfigurationList section */
	};
	rootObject = 04041C3E1BEC7677009C49E6 /* Project object */;
}
